
Microsoft Visual Studio Solution File, Format Version 12.00
# Visual Studio 15
VisualStudioVersion = 15.0.27004.2005
MinimumVisualStudioVersion = 10.0.40219.1
Project("{F184B08F-C81C-45F6-A57F-5ABD9991F28F}") = "WoW-DatabaseEditor", "WoW-DatabaseEditor\WoW-DatabaseEditor.vbproj", "{69C4C82C-B066-4F6F-84A6-D2B79B891C7A}"
EndProject
Project("{F184B08F-C81C-45F6-A57F-5ABD9991F28F}") = "ClassLibWoWDatabaseManager", "..\WoWDatabaseManager\ClassLibWoWDatabaseManager\ClassLibWoWDatabaseManager.vbproj", "{5EF517D8-4882-4845-9F79-385C7DB34495}"
EndProject
Project("{F184B08F-C81C-45F6-A57F-5ABD9991F28F}") = "ClassLibWoWTableManager", "..\WoWTableManager\ClassLibWoWTableManager\ClassLibWoWTableManager.vbproj", "{0B2EFA15-00A3-4148-A014-BEF0BE31C3FD}"
EndProject
Project("{F184B08F-C81C-45F6-A57F-5ABD9991F28F}") = "ClassLibWoWTableDialog", "..\WoWTableDialog\ClassLibWoWTableDialog\ClassLibWoWTableDialog.vbproj", "{E23D3B37-5C8D-4376-8042-BC3B9B9BA92F}"
EndProject
Global
	GlobalSection(SolutionConfigurationPlatforms) = preSolution
		Debug|Any CPU = Debug|Any CPU
		Release|Any CPU = Release|Any CPU
	EndGlobalSection
	GlobalSection(ProjectConfigurationPlatforms) = postSolution
		{69C4C82C-B066-4F6F-84A6-D2B79B891C7A}.Debug|Any CPU.ActiveCfg = Debug|Any CPU
		{69C4C82C-B066-4F6F-84A6-D2B79B891C7A}.Debug|Any CPU.Build.0 = Debug|Any CPU
		{69C4C82C-B066-4F6F-84A6-D2B79B891C7A}.Release|Any CPU.ActiveCfg = Release|Any CPU
		{69C4C82C-B066-4F6F-84A6-D2B79B891C7A}.Release|Any CPU.Build.0 = Release|Any CPU
		{5EF517D8-4882-4845-9F79-385C7DB34495}.Debug|Any CPU.ActiveCfg = Debug|Any CPU
		{5EF517D8-4882-4845-9F79-385C7DB34495}.Debug|Any CPU.Build.0 = Debug|Any CPU
		{5EF517D8-4882-4845-9F79-385C7DB34495}.Release|Any CPU.ActiveCfg = Release|Any CPU
		{5EF517D8-4882-4845-9F79-385C7DB34495}.Release|Any CPU.Build.0 = Release|Any CPU
		{0B2EFA15-00A3-4148-A014-BEF0BE31C3FD}.Debug|Any CPU.ActiveCfg = Debug|Any CPU
		{0B2EFA15-00A3-4148-A014-BEF0BE31C3FD}.Debug|Any CPU.Build.0 = Debug|Any CPU
		{0B2EFA15-00A3-4148-A014-BEF0BE31C3FD}.Release|Any CPU.ActiveCfg = Release|Any CPU
		{0B2EFA15-00A3-4148-A014-BEF0BE31C3FD}.Release|Any CPU.Build.0 = Release|Any CPU
		{E23D3B37-5C8D-4376-8042-BC3B9B9BA92F}.Debug|Any CPU.ActiveCfg = Debug|Any CPU
		{E23D3B37-5C8D-4376-8042-BC3B9B9BA92F}.Debug|Any CPU.Build.0 = Debug|Any CPU
		{E23D3B37-5C8D-4376-8042-BC3B9B9BA92F}.Release|Any CPU.ActiveCfg = Release|Any CPU
		{E23D3B37-5C8D-4376-8042-BC3B9B9BA92F}.Release|Any CPU.Build.0 = Release|Any CPU
	EndGlobalSection
	GlobalSection(SolutionProperties) = preSolution
		HideSolutionNode = FALSE
	EndGlobalSection
	GlobalSection(ExtensibilityGlobals) = postSolution
		SolutionGuid = {6BE4CD55-98F7-4D9E-BC23-F87D4C4B7AC2}
	EndGlobalSection
EndGlobal
